
Microsoft Visual Studio Solution File, Format Version 12.00
# Visual Studio Version 16
VisualStudioVersion = 16.0.809.8
MinimumVisualStudioVersion = 10.0.40219.1
Project("{FAE04EC0-301F-11D3-BF4B-00C04F79EFBC}") = "dotnet-backend-api", "dotnet-backend-api\dotnet-backend-api.csproj", "{B5EC6733-4E86-4877-AB2D-D06F705465FA}"
EndProject
Project("{2150E333-8FDC-42A3-9474-1A3956D46DE8}") = "Solution Items", "Solution Items", "{93335CC7-AC68-4142-85D9-FBD4F73DFBEF}"
	ProjectSection(SolutionItems) = preProject
		buildspec.yml = buildspec.yml
		db-migrations-spec.yml = db-migrations-spec.yml
	EndProjectSection
EndProject
Project("{FAE04EC0-301F-11D3-BF4B-00C04F79EFBC}") = "dotnet-backend-api.UnitTests", "dotnet-backend-api.UnitTests\dotnet-backend-api.UnitTests.csproj", "{348F5809-1247-48C8-98B5-B2DBD3DF8A3F}"
EndProject
Project("{FAE04EC0-301F-11D3-BF4B-00C04F79EFBC}") = "dotnet-backend-api.IntegrationTests", "dotnet-backend-api.IntegrationTests\dotnet-backend-api.IntegrationTests.csproj", "{A8201675-6DEC-4B22-A363-AB7ED0BD99F2}"
EndProject
Global
	GlobalSection(SolutionConfigurationPlatforms) = preSolution
		Debug|Any CPU = Debug|Any CPU
		Release|Any CPU = Release|Any CPU
	EndGlobalSection
	GlobalSection(ProjectConfigurationPlatforms) = postSolution
		{B5EC6733-4E86-4877-AB2D-D06F705465FA}.Debug|Any CPU.ActiveCfg = Debug|Any CPU
		{B5EC6733-4E86-4877-AB2D-D06F705465FA}.Debug|Any CPU.Build.0 = Debug|Any CPU
		{B5EC6733-4E86-4877-AB2D-D06F705465FA}.Release|Any CPU.ActiveCfg = Release|Any CPU
		{B5EC6733-4E86-4877-AB2D-D06F705465FA}.Release|Any CPU.Build.0 = Release|Any CPU
		{348F5809-1247-48C8-98B5-B2DBD3DF8A3F}.Debug|Any CPU.ActiveCfg = Debug|Any CPU
		{348F5809-1247-48C8-98B5-B2DBD3DF8A3F}.Debug|Any CPU.Build.0 = Debug|Any CPU
		{348F5809-1247-48C8-98B5-B2DBD3DF8A3F}.Release|Any CPU.ActiveCfg = Release|Any CPU
		{348F5809-1247-48C8-98B5-B2DBD3DF8A3F}.Release|Any CPU.Build.0 = Release|Any CPU
		{A8201675-6DEC-4B22-A363-AB7ED0BD99F2}.Debug|Any CPU.ActiveCfg = Debug|Any CPU
		{A8201675-6DEC-4B22-A363-AB7ED0BD99F2}.Debug|Any CPU.Build.0 = Debug|Any CPU
		{A8201675-6DEC-4B22-A363-AB7ED0BD99F2}.Release|Any CPU.ActiveCfg = Release|Any CPU
		{A8201675-6DEC-4B22-A363-AB7ED0BD99F2}.Release|Any CPU.Build.0 = Release|Any CPU
	EndGlobalSection
	GlobalSection(SolutionProperties) = preSolution
		HideSolutionNode = FALSE
	EndGlobalSection
	GlobalSection(ExtensibilityGlobals) = postSolution
		SolutionGuid = {98F1E7AB-359B-4F8C-B12C-81B078A0BE56}
	EndGlobalSection
EndGlobal
